
Microsoft Visual Studio Solution File, Format Version 12.00
# Visual Studio Version 17
VisualStudioVersion = 17.7.34221.43
MinimumVisualStudioVersion = 10.0.40219.1
Project("{9A19103F-16F7-4668-BE54-9A1E7A4F7556}") = "EPAM.StudyGroups.Api", "EPAM.StudyGroups.Api.csproj", "{75ADAF4E-5F8E-4FD5-89EB-9E84BDE9B3DB}"
EndProject
Project("{2150E333-8FDC-42A3-9474-1A3956D46DE8}") = "Solution Items", "Solution Items", "{CA4907A1-0FD9-40C3-8EE4-4BA788F04C6B}"
	ProjectSection(SolutionItems) = preProject
		..\.gitignore = ..\.gitignore
		..\README.md = ..\README.md
	EndProjectSection
EndProject
Project("{9A19103F-16F7-4668-BE54-9A1E7A4F7556}") = "EPAM.StudyGroups.Data", "..\EPAM.StudyGroups.Data\EPAM.StudyGroups.Data.csproj", "{6983981C-7EA4-43C0-9CE9-F58F1A1D2F13}"
EndProject
Project("{9A19103F-16F7-4668-BE54-9A1E7A4F7556}") = "EPAM.StudyGroup.Api.Tests", "..\EPAM.StudyGroup.Api.Tests\EPAM.StudyGroup.Api.Tests.csproj", "{AA7203CC-7DD9-466E-99E2-20CDD8B5A99C}"
EndProject
Project("{9A19103F-16F7-4668-BE54-9A1E7A4F7556}") = "EPAM.StudyGroups.Tests.Integration", "..\EPAM.StudyGroups.Tests.Integration\EPAM.StudyGroups.Tests.Integration.csproj", "{82E6B81A-D682-4CD9-9744-968BBA141EA8}"
EndProject
Project("{9A19103F-16F7-4668-BE54-9A1E7A4F7556}") = "EPAM.StudyGroups.Tests.SpecFlow", "..\EPAM.StudyGroups.Tests.SpecFlow\EPAM.StudyGroups.Tests.SpecFlow.csproj", "{45606D68-8D5C-40DC-8748-1DC3F72F1E54}"
EndProject
Project("{FAE04EC0-301F-11D3-BF4B-00C04F79EFBC}") = "EPAM.StudyGroups.Tests.Performance", "..\EPAM.StudyGroups.Tests.Performance\EPAM.StudyGroups.Tests.Performance.csproj", "{8E1FB203-3ED6-47D5-A161-1ED87624804B}"
EndProject
Global
	GlobalSection(SolutionConfigurationPlatforms) = preSolution
		Debug|Any CPU = Debug|Any CPU
		Release|Any CPU = Release|Any CPU
	EndGlobalSection
	GlobalSection(ProjectConfigurationPlatforms) = postSolution
		{75ADAF4E-5F8E-4FD5-89EB-9E84BDE9B3DB}.Debug|Any CPU.ActiveCfg = Debug|Any CPU
		{75ADAF4E-5F8E-4FD5-89EB-9E84BDE9B3DB}.Debug|Any CPU.Build.0 = Debug|Any CPU
		{75ADAF4E-5F8E-4FD5-89EB-9E84BDE9B3DB}.Release|Any CPU.ActiveCfg = Release|Any CPU
		{75ADAF4E-5F8E-4FD5-89EB-9E84BDE9B3DB}.Release|Any CPU.Build.0 = Release|Any CPU
		{6983981C-7EA4-43C0-9CE9-F58F1A1D2F13}.Debug|Any CPU.ActiveCfg = Debug|Any CPU
		{6983981C-7EA4-43C0-9CE9-F58F1A1D2F13}.Debug|Any CPU.Build.0 = Debug|Any CPU
		{6983981C-7EA4-43C0-9CE9-F58F1A1D2F13}.Release|Any CPU.ActiveCfg = Release|Any CPU
		{6983981C-7EA4-43C0-9CE9-F58F1A1D2F13}.Release|Any CPU.Build.0 = Release|Any CPU
		{AA7203CC-7DD9-466E-99E2-20CDD8B5A99C}.Debug|Any CPU.ActiveCfg = Debug|Any CPU
		{AA7203CC-7DD9-466E-99E2-20CDD8B5A99C}.Debug|Any CPU.Build.0 = Debug|Any CPU
		{AA7203CC-7DD9-466E-99E2-20CDD8B5A99C}.Release|Any CPU.ActiveCfg = Release|Any CPU
		{AA7203CC-7DD9-466E-99E2-20CDD8B5A99C}.Release|Any CPU.Build.0 = Release|Any CPU
		{82E6B81A-D682-4CD9-9744-968BBA141EA8}.Debug|Any CPU.ActiveCfg = Debug|Any CPU
		{82E6B81A-D682-4CD9-9744-968BBA141EA8}.Debug|Any CPU.Build.0 = Debug|Any CPU
		{82E6B81A-D682-4CD9-9744-968BBA141EA8}.Release|Any CPU.ActiveCfg = Release|Any CPU
		{82E6B81A-D682-4CD9-9744-968BBA141EA8}.Release|Any CPU.Build.0 = Release|Any CPU
		{45606D68-8D5C-40DC-8748-1DC3F72F1E54}.Debug|Any CPU.ActiveCfg = Debug|Any CPU
		{45606D68-8D5C-40DC-8748-1DC3F72F1E54}.Debug|Any CPU.Build.0 = Debug|Any CPU
		{45606D68-8D5C-40DC-8748-1DC3F72F1E54}.Release|Any CPU.ActiveCfg = Release|Any CPU
		{45606D68-8D5C-40DC-8748-1DC3F72F1E54}.Release|Any CPU.Build.0 = Release|Any CPU
		{8E1FB203-3ED6-47D5-A161-1ED87624804B}.Debug|Any CPU.ActiveCfg = Debug|Any CPU
		{8E1FB203-3ED6-47D5-A161-1ED87624804B}.Debug|Any CPU.Build.0 = Debug|Any CPU
		{8E1FB203-3ED6-47D5-A161-1ED87624804B}.Release|Any CPU.ActiveCfg = Release|Any CPU
		{8E1FB203-3ED6-47D5-A161-1ED87624804B}.Release|Any CPU.Build.0 = Release|Any CPU
	EndGlobalSection
	GlobalSection(SolutionProperties) = preSolution
		HideSolutionNode = FALSE
	EndGlobalSection
	GlobalSection(ExtensibilityGlobals) = postSolution
		SolutionGuid = {630A89D5-25E3-4B9D-9ABC-45DF8A2A7C77}
	EndGlobalSection
EndGlobal
